
Microsoft Visual Studio Solution File, Format Version 12.00
# Visual Studio Version 17
VisualStudioVersion = 17.14.36518.9 d17.14
MinimumVisualStudioVersion = 10.0.40219.1
Project("{8BC9CEB8-8B4A-11D0-8D11-00A0C91BC942}") = "COAL Project", "COAL Project\COAL Project.vcxproj", "{5CC52388-F0C7-4298-8578-9E6F96B9C4A1}"
EndProject
Global
	GlobalSection(SolutionConfigurationPlatforms) = preSolution
		Debug|x64 = Debug|x64
		Debug|x86 = Debug|x86
		Release|x64 = Release|x64
		Release|x86 = Release|x86
	EndGlobalSection
	GlobalSection(ProjectConfigurationPlatforms) = postSolution
		{5CC52388-F0C7-4298-8578-9E6F96B9C4A1}.Debug|x64.ActiveCfg = Debug|x64
		{5CC52388-F0C7-4298-8578-9E6F96B9C4A1}.Debug|x64.Build.0 = Debug|x64
		{5CC52388-F0C7-4298-8578-9E6F96B9C4A1}.Debug|x86.ActiveCfg = Debug|Win32
		{5CC52388-F0C7-4298-8578-9E6F96B9C4A1}.Debug|x86.Build.0 = Debug|Win32
		{5CC52388-F0C7-4298-8578-9E6F96B9C4A1}.Release|x64.ActiveCfg = Release|x64
		{5CC52388-F0C7-4298-8578-9E6F96B9C4A1}.Release|x64.Build.0 = Release|x64
		{5CC52388-F0C7-4298-8578-9E6F96B9C4A1}.Release|x86.ActiveCfg = Release|Win32
		{5CC52388-F0C7-4298-8578-9E6F96B9C4A1}.Release|x86.Build.0 = Release|Win32
	EndGlobalSection
	GlobalSection(SolutionProperties) = preSolution
		HideSolutionNode = FALSE
	EndGlobalSection
	GlobalSection(ExtensibilityGlobals) = postSolution
		SolutionGuid = {974088AC-179E-49F9-A446-36B92016796D}
	EndGlobalSection
EndGlobal
